
Microsoft Visual Studio Solution File, Format Version 12.00
# Visual Studio 15
VisualStudioVersion = 15.0.28307.136
MinimumVisualStudioVersion = 10.0.40219.1
Project("{FAE04EC0-301F-11D3-BF4B-00C04F79EFBC}") = "MovieApp.NewDb", "MovieApp.NewDb\MovieApp.NewDb.csproj", "{CC5DA458-745F-4B18-86C9-883399337267}"
EndProject
Global
	GlobalSection(SolutionConfigurationPlatforms) = preSolution
		Debug|Any CPU = Debug|Any CPU
		Release|Any CPU = Release|Any CPU
	EndGlobalSection
	GlobalSection(ProjectConfigurationPlatforms) = postSolution
		{CC5DA458-745F-4B18-86C9-883399337267}.Debug|Any CPU.ActiveCfg = Debug|Any CPU
		{CC5DA458-745F-4B18-86C9-883399337267}.Debug|Any CPU.Build.0 = Debug|Any CPU
		{CC5DA458-745F-4B18-86C9-883399337267}.Release|Any CPU.ActiveCfg = Release|Any CPU
		{CC5DA458-745F-4B18-86C9-883399337267}.Release|Any CPU.Build.0 = Release|Any CPU
	EndGlobalSection
	GlobalSection(SolutionProperties) = preSolution
		HideSolutionNode = FALSE
	EndGlobalSection
	GlobalSection(ExtensibilityGlobals) = postSolution
		SolutionGuid = {9B9CD314-4DB5-4BE2-B209-481C8ED131AA}
	EndGlobalSection
EndGlobal
